// !$*UTF8*$!
{
	archiveVersion = 1;
	classes = {
	};
	objectVersion = 52;
	objects = {

/* Begin PBXBuildFile section */
		3FFF307FEE890EC4CECEB717 /* Pods_Pampaty.framework in Frameworks */ = {isa = PBXBuildFile; fileRef = 7B0A94D567AC47615D671A96 /* Pods_Pampaty.framework */; };
		FC00848526161E3300448849 /* BeReadyVM.swift in Sources */ = {isa = PBXBuildFile; fileRef = FC00848426161E3300448849 /* BeReadyVM.swift */; };
		FC00848A26161EDC00448849 /* GameCellVM.swift in Sources */ = {isa = PBXBuildFile; fileRef = FC00848926161EDC00448849 /* GameCellVM.swift */; };
		FC00848F26161FDD00448849 /* BallsCellVM.swift in Sources */ = {isa = PBXBuildFile; fileRef = FC00848D26161FDD00448849 /* BallsCellVM.swift */; };
		FC00849026161FDD00448849 /* CurrentModificationCellVM.swift in Sources */ = {isa = PBXBuildFile; fileRef = FC00848E26161FDD00448849 /* CurrentModificationCellVM.swift */; };
		FC141A0525E53B4D0009904F /* NumberOfTeamsCellVM.swift in Sources */ = {isa = PBXBuildFile; fileRef = FC141A0425E53B4D0009904F /* NumberOfTeamsCellVM.swift */; };
		FC31C2D925FFA9E80085A59C /* RoundTimingCellVM.swift in Sources */ = {isa = PBXBuildFile; fileRef = FC31C2D825FFA9E80085A59C /* RoundTimingCellVM.swift */; };
		FC31CAB52603AD1B0085A59C /* TeamsVC.swift in Sources */ = {isa = PBXBuildFile; fileRef = FC31CAB42603AD1B0085A59C /* TeamsVC.swift */; };
		FC31CAB92603B0CE0085A59C /* TeamsVM.swift in Sources */ = {isa = PBXBuildFile; fileRef = FC31CAB82603B0CE0085A59C /* TeamsVM.swift */; };
		FC31CABD2603B21C0085A59C /* CellItemVM.swift in Sources */ = {isa = PBXBuildFile; fileRef = FC31CABC2603B21C0085A59C /* CellItemVM.swift */; };
		FC46376026074426009CDEE4 /* CellSetupExtension.swift in Sources */ = {isa = PBXBuildFile; fileRef = FC46375F26074426009CDEE4 /* CellSetupExtension.swift */; };
		FC48DB3925DEBBE00024CB87 /* TableViewItems.swift in Sources */ = {isa = PBXBuildFile; fileRef = FC48DB3825DEBBE00024CB87 /* TableViewItems.swift */; };
		FC66F941262ADDF50020F0ED /* CollectionViewContainer.swift in Sources */ = {isa = PBXBuildFile; fileRef = FC66F940262ADDF50020F0ED /* CollectionViewContainer.swift */; };
		FC7591C225F61511008A9A54 /* RootNavigation.swift in Sources */ = {isa = PBXBuildFile; fileRef = FC7591C125F61511008A9A54 /* RootNavigation.swift */; };
		FC7591C825F616CB008A9A54 /* GameSettingsVM.swift in Sources */ = {isa = PBXBuildFile; fileRef = FC7591C725F616CB008A9A54 /* GameSettingsVM.swift */; };
		FC7591CD25F6270F008A9A54 /* CellViewModelProtocol.swift in Sources */ = {isa = PBXBuildFile; fileRef = FC7591CC25F6270F008A9A54 /* CellViewModelProtocol.swift */; };
		FC7591D425F63387008A9A54 /* SmallPicker.swift in Sources */ = {isa = PBXBuildFile; fileRef = FC7591D325F63387008A9A54 /* SmallPicker.swift */; };
		FC8164652618849800A363D4 /* ViewControllerWithTable.swift in Sources */ = {isa = PBXBuildFile; fileRef = FC8164642618849800A363D4 /* ViewControllerWithTable.swift */; };
		FC81646A261885EF00A363D4 /* VCWithTableExtensions.swift in Sources */ = {isa = PBXBuildFile; fileRef = FC816469261885EF00A363D4 /* VCWithTableExtensions.swift */; };
		FC81647826188C4900A363D4 /* VCWithTableVM.swift in Sources */ = {isa = PBXBuildFile; fileRef = FC81647726188C4900A363D4 /* VCWithTableVM.swift */; };
		FC8164A6261B647800A363D4 /* GameVC.swift in Sources */ = {isa = PBXBuildFile; fileRef = FC8164A5261B647800A363D4 /* GameVC.swift */; };
		FC8164AA261B648100A363D4 /* GameVM.swift in Sources */ = {isa = PBXBuildFile; fileRef = FC8164A9261B648100A363D4 /* GameVM.swift */; };
		FC8164B5261B6A7E00A363D4 /* CollectionView.swift in Sources */ = {isa = PBXBuildFile; fileRef = FC8164B4261B6A7E00A363D4 /* CollectionView.swift */; };
		FC8164B9261B6AC000A363D4 /* SmallCollectionViewCell.swift in Sources */ = {isa = PBXBuildFile; fileRef = FC8164B8261B6AC000A363D4 /* SmallCollectionViewCell.swift */; };
		FC8AB10F26074CA500BF5AA4 /* LeftItemView.swift in Sources */ = {isa = PBXBuildFile; fileRef = FC8AB10E26074CA500BF5AA4 /* LeftItemView.swift */; };
		FC94D72025D9104B000FF2B6 /* SnapKit in Frameworks */ = {isa = PBXBuildFile; productRef = FC94D71F25D9104B000FF2B6 /* SnapKit */; };
		FCAAEF3B2625F7E4004DB290 /* BigCollectionViewCell.swift in Sources */ = {isa = PBXBuildFile; fileRef = FCAAEF3A2625F7E4004DB290 /* BigCollectionViewCell.swift */; };
		FCB12B2C25CB0A9E002ADAEF /* AppDelegate.swift in Sources */ = {isa = PBXBuildFile; fileRef = FCB12B2B25CB0A9E002ADAEF /* AppDelegate.swift */; };
		FCB12B2E25CB0A9E002ADAEF /* SceneDelegate.swift in Sources */ = {isa = PBXBuildFile; fileRef = FCB12B2D25CB0A9E002ADAEF /* SceneDelegate.swift */; };
		FCB12B3525CB0A9F002ADAEF /* Assets.xcassets in Resources */ = {isa = PBXBuildFile; fileRef = FCB12B3425CB0A9F002ADAEF /* Assets.xcassets */; };
		FCB12B3825CB0A9F002ADAEF /* LaunchScreen.storyboard in Resources */ = {isa = PBXBuildFile; fileRef = FCB12B3625CB0A9F002ADAEF /* LaunchScreen.storyboard */; };
		FCCB6A0125FE06DF006084A7 /* SettingsCellViewModelNumberOfTeamsTests.swift in Sources */ = {isa = PBXBuildFile; fileRef = FCCB6A0025FE06DF006084A7 /* SettingsCellViewModelNumberOfTeamsTests.swift */; };
		FCCB6A3325FE5650006084A7 /* TeamsInGameCellVM.swift in Sources */ = {isa = PBXBuildFile; fileRef = FCCB6A3225FE5650006084A7 /* TeamsInGameCellVM.swift */; };
		FCCB6A3725FE59C0006084A7 /* ModificationCellVM.swift in Sources */ = {isa = PBXBuildFile; fileRef = FCCB6A3625FE59C0006084A7 /* ModificationCellVM.swift */; };
		FCCB6A3B25FE5B0C006084A7 /* RoundNumbersCellVM.swift in Sources */ = {isa = PBXBuildFile; fileRef = FCCB6A3A25FE5B0B006084A7 /* RoundNumbersCellVM.swift */; };
		FCD2D019260F2A0000DDBC8E /* Button.swift in Sources */ = {isa = PBXBuildFile; fileRef = FCD2D018260F2A0000DDBC8E /* Button.swift */; };
		FCD2D0222610775200DDBC8E /* BeReadyVC.swift in Sources */ = {isa = PBXBuildFile; fileRef = FCD2D0212610775200DDBC8E /* BeReadyVC.swift */; };
		FCD2D02A261077C600DDBC8E /* TableHeaderView.swift in Sources */ = {isa = PBXBuildFile; fileRef = FCD2D029261077C600DDBC8E /* TableHeaderView.swift */; };
		FCE8267D25DAC0EB0045D1D2 /* GameSettingsVC.swift in Sources */ = {isa = PBXBuildFile; fileRef = FCE8267C25DAC0EB0045D1D2 /* GameSettingsVC.swift */; };
		FCE8268225DAC1BE0045D1D2 /* Color Extension.swift in Sources */ = {isa = PBXBuildFile; fileRef = FCE8268125DAC1BE0045D1D2 /* Color Extension.swift */; };
		FCE826A725DAC4610045D1D2 /* Cell.swift in Sources */ = {isa = PBXBuildFile; fileRef = FCE826A625DAC4610045D1D2 /* Cell.swift */; };
		FCE826AC25DAC6730045D1D2 /* UIHelpers.swift in Sources */ = {isa = PBXBuildFile; fileRef = FCE826AB25DAC6730045D1D2 /* UIHelpers.swift */; };
		FCF4D414262AF9C7005DE536 /* StageResultVC.swift in Sources */ = {isa = PBXBuildFile; fileRef = FCF4D413262AF9C7005DE536 /* StageResultVC.swift */; };
		FCF4D418262AF9F0005DE536 /* StageResultVM.swift in Sources */ = {isa = PBXBuildFile; fileRef = FCF4D417262AF9F0005DE536 /* StageResultVM.swift */; };
		FCF4E5972631C471005DE536 /* LabelImageView.swift in Sources */ = {isa = PBXBuildFile; fileRef = FCF4E5962631C471005DE536 /* LabelImageView.swift */; };
/* End PBXBuildFile section */

/* Begin PBXContainerItemProxy section */
		FCCB69F125FE0657006084A7 /* PBXContainerItemProxy */ = {
			isa = PBXContainerItemProxy;
			containerPortal = FCB12B2025CB0A9E002ADAEF /* Project object */;
			proxyType = 1;
			remoteGlobalIDString = FCB12B2725CB0A9E002ADAEF;
			remoteInfo = Pampaty;
		};
/* End PBXContainerItemProxy section */

/* Begin PBXFileReference section */
		36C61CAC84B8BA361A4D0C57 /* Pods-Pampaty.release.xcconfig */ = {isa = PBXFileReference; includeInIndex = 1; lastKnownFileType = text.xcconfig; name = "Pods-Pampaty.release.xcconfig"; path = "Target Support Files/Pods-Pampaty/Pods-Pampaty.release.xcconfig"; sourceTree = "<group>"; };
		7B0A94D567AC47615D671A96 /* Pods_Pampaty.framework */ = {isa = PBXFileReference; explicitFileType = wrapper.framework; includeInIndex = 0; path = Pods_Pampaty.framework; sourceTree = BUILT_PRODUCTS_DIR; };
		D4027EA12223B3FDE596B8EF /* Pods-Pampaty.debug.xcconfig */ = {isa = PBXFileReference; includeInIndex = 1; lastKnownFileType = text.xcconfig; name = "Pods-Pampaty.debug.xcconfig"; path = "Target Support Files/Pods-Pampaty/Pods-Pampaty.debug.xcconfig"; sourceTree = "<group>"; };
		FC00848426161E3300448849 /* BeReadyVM.swift */ = {isa = PBXFileReference; lastKnownFileType = sourcecode.swift; path = BeReadyVM.swift; sourceTree = "<group>"; };
		FC00848926161EDC00448849 /* GameCellVM.swift */ = {isa = PBXFileReference; lastKnownFileType = sourcecode.swift; path = GameCellVM.swift; sourceTree = "<group>"; };
		FC00848D26161FDD00448849 /* BallsCellVM.swift */ = {isa = PBXFileReference; fileEncoding = 4; lastKnownFileType = sourcecode.swift; path = BallsCellVM.swift; sourceTree = "<group>"; };
		FC00848E26161FDD00448849 /* CurrentModificationCellVM.swift */ = {isa = PBXFileReference; fileEncoding = 4; lastKnownFileType = sourcecode.swift; path = CurrentModificationCellVM.swift; sourceTree = "<group>"; };
		FC141A0425E53B4D0009904F /* NumberOfTeamsCellVM.swift */ = {isa = PBXFileReference; lastKnownFileType = sourcecode.swift; path = NumberOfTeamsCellVM.swift; sourceTree = "<group>"; };
		FC31C2D825FFA9E80085A59C /* RoundTimingCellVM.swift */ = {isa = PBXFileReference; lastKnownFileType = sourcecode.swift; path = RoundTimingCellVM.swift; sourceTree = "<group>"; };
		FC31CAB42603AD1B0085A59C /* TeamsVC.swift */ = {isa = PBXFileReference; lastKnownFileType = sourcecode.swift; path = TeamsVC.swift; sourceTree = "<group>"; };
		FC31CAB82603B0CE0085A59C /* TeamsVM.swift */ = {isa = PBXFileReference; lastKnownFileType = sourcecode.swift; path = TeamsVM.swift; sourceTree = "<group>"; };
		FC31CABC2603B21C0085A59C /* CellItemVM.swift */ = {isa = PBXFileReference; lastKnownFileType = sourcecode.swift; path = CellItemVM.swift; sourceTree = "<group>"; };
		FC46375F26074426009CDEE4 /* CellSetupExtension.swift */ = {isa = PBXFileReference; lastKnownFileType = sourcecode.swift; path = CellSetupExtension.swift; sourceTree = "<group>"; };
		FC48DB3825DEBBE00024CB87 /* TableViewItems.swift */ = {isa = PBXFileReference; lastKnownFileType = sourcecode.swift; path = TableViewItems.swift; sourceTree = "<group>"; };
		FC66F940262ADDF50020F0ED /* CollectionViewContainer.swift */ = {isa = PBXFileReference; lastKnownFileType = sourcecode.swift; path = CollectionViewContainer.swift; sourceTree = "<group>"; };
		FC7591C125F61511008A9A54 /* RootNavigation.swift */ = {isa = PBXFileReference; lastKnownFileType = sourcecode.swift; path = RootNavigation.swift; sourceTree = "<group>"; };
		FC7591C725F616CB008A9A54 /* GameSettingsVM.swift */ = {isa = PBXFileReference; lastKnownFileType = sourcecode.swift; path = GameSettingsVM.swift; sourceTree = "<group>"; };
		FC7591CC25F6270F008A9A54 /* CellViewModelProtocol.swift */ = {isa = PBXFileReference; lastKnownFileType = sourcecode.swift; path = CellViewModelProtocol.swift; sourceTree = "<group>"; };
		FC7591D325F63387008A9A54 /* SmallPicker.swift */ = {isa = PBXFileReference; lastKnownFileType = sourcecode.swift; path = SmallPicker.swift; sourceTree = "<group>"; };
		FC8164642618849800A363D4 /* ViewControllerWithTable.swift */ = {isa = PBXFileReference; lastKnownFileType = sourcecode.swift; path = ViewControllerWithTable.swift; sourceTree = "<group>"; };
		FC816469261885EF00A363D4 /* VCWithTableExtensions.swift */ = {isa = PBXFileReference; lastKnownFileType = sourcecode.swift; path = VCWithTableExtensions.swift; sourceTree = "<group>"; };
		FC81647726188C4900A363D4 /* VCWithTableVM.swift */ = {isa = PBXFileReference; lastKnownFileType = sourcecode.swift; path = VCWithTableVM.swift; sourceTree = "<group>"; };
		FC8164A5261B647800A363D4 /* GameVC.swift */ = {isa = PBXFileReference; lastKnownFileType = sourcecode.swift; path = GameVC.swift; sourceTree = "<group>"; };
		FC8164A9261B648100A363D4 /* GameVM.swift */ = {isa = PBXFileReference; lastKnownFileType = sourcecode.swift; path = GameVM.swift; sourceTree = "<group>"; };
		FC8164B4261B6A7E00A363D4 /* CollectionView.swift */ = {isa = PBXFileReference; lastKnownFileType = sourcecode.swift; path = CollectionView.swift; sourceTree = "<group>"; };
		FC8164B8261B6AC000A363D4 /* SmallCollectionViewCell.swift */ = {isa = PBXFileReference; lastKnownFileType = sourcecode.swift; path = SmallCollectionViewCell.swift; sourceTree = "<group>"; };
		FC8AB10E26074CA500BF5AA4 /* LeftItemView.swift */ = {isa = PBXFileReference; lastKnownFileType = sourcecode.swift; path = LeftItemView.swift; sourceTree = "<group>"; };
		FCAAEF3A2625F7E4004DB290 /* BigCollectionViewCell.swift */ = {isa = PBXFileReference; lastKnownFileType = sourcecode.swift; path = BigCollectionViewCell.swift; sourceTree = "<group>"; };
		FCB12B2825CB0A9E002ADAEF /* Pampaty.app */ = {isa = PBXFileReference; explicitFileType = wrapper.application; includeInIndex = 0; path = Pampaty.app; sourceTree = BUILT_PRODUCTS_DIR; };
		FCB12B2B25CB0A9E002ADAEF /* AppDelegate.swift */ = {isa = PBXFileReference; lastKnownFileType = sourcecode.swift; path = AppDelegate.swift; sourceTree = "<group>"; };
		FCB12B2D25CB0A9E002ADAEF /* SceneDelegate.swift */ = {isa = PBXFileReference; lastKnownFileType = sourcecode.swift; path = SceneDelegate.swift; sourceTree = "<group>"; };
		FCB12B3425CB0A9F002ADAEF /* Assets.xcassets */ = {isa = PBXFileReference; lastKnownFileType = folder.assetcatalog; path = Assets.xcassets; sourceTree = "<group>"; };
		FCB12B3725CB0A9F002ADAEF /* Base */ = {isa = PBXFileReference; lastKnownFileType = file.storyboard; name = Base; path = Base.lproj/LaunchScreen.storyboard; sourceTree = "<group>"; };
		FCB12B3925CB0A9F002ADAEF /* Info.plist */ = {isa = PBXFileReference; lastKnownFileType = text.plist.xml; path = Info.plist; sourceTree = "<group>"; };
		FCCB69EC25FE0657006084A7 /* PampatyTests.xctest */ = {isa = PBXFileReference; explicitFileType = wrapper.cfbundle; includeInIndex = 0; path = PampatyTests.xctest; sourceTree = BUILT_PRODUCTS_DIR; };
		FCCB69F025FE0657006084A7 /* Info.plist */ = {isa = PBXFileReference; lastKnownFileType = text.plist.xml; path = Info.plist; sourceTree = "<group>"; };
		FCCB6A0025FE06DF006084A7 /* SettingsCellViewModelNumberOfTeamsTests.swift */ = {isa = PBXFileReference; lastKnownFileType = sourcecode.swift; path = SettingsCellViewModelNumberOfTeamsTests.swift; sourceTree = "<group>"; };
		FCCB6A3225FE5650006084A7 /* TeamsInGameCellVM.swift */ = {isa = PBXFileReference; lastKnownFileType = sourcecode.swift; path = TeamsInGameCellVM.swift; sourceTree = "<group>"; };
		FCCB6A3625FE59C0006084A7 /* ModificationCellVM.swift */ = {isa = PBXFileReference; lastKnownFileType = sourcecode.swift; path = ModificationCellVM.swift; sourceTree = "<group>"; usesTabs = 1; };
		FCCB6A3A25FE5B0B006084A7 /* RoundNumbersCellVM.swift */ = {isa = PBXFileReference; lastKnownFileType = sourcecode.swift; path = RoundNumbersCellVM.swift; sourceTree = "<group>"; };
		FCD2D018260F2A0000DDBC8E /* Button.swift */ = {isa = PBXFileReference; lastKnownFileType = sourcecode.swift; path = Button.swift; sourceTree = "<group>"; };
		FCD2D0212610775200DDBC8E /* BeReadyVC.swift */ = {isa = PBXFileReference; lastKnownFileType = sourcecode.swift; path = BeReadyVC.swift; sourceTree = "<group>"; };
		FCD2D029261077C600DDBC8E /* TableHeaderView.swift */ = {isa = PBXFileReference; lastKnownFileType = sourcecode.swift; path = TableHeaderView.swift; sourceTree = "<group>"; };
		FCE8267C25DAC0EB0045D1D2 /* GameSettingsVC.swift */ = {isa = PBXFileReference; lastKnownFileType = sourcecode.swift; path = GameSettingsVC.swift; sourceTree = "<group>"; usesTabs = 1; };
		FCE8268125DAC1BE0045D1D2 /* Color Extension.swift */ = {isa = PBXFileReference; lastKnownFileType = sourcecode.swift; path = "Color Extension.swift"; sourceTree = "<group>"; };
		FCE826A625DAC4610045D1D2 /* Cell.swift */ = {isa = PBXFileReference; lastKnownFileType = sourcecode.swift; path = Cell.swift; sourceTree = "<group>"; };
		FCE826AB25DAC6730045D1D2 /* UIHelpers.swift */ = {isa = PBXFileReference; lastKnownFileType = sourcecode.swift; path = UIHelpers.swift; sourceTree = "<group>"; };
		FCF4D413262AF9C7005DE536 /* StageResultVC.swift */ = {isa = PBXFileReference; lastKnownFileType = sourcecode.swift; path = StageResultVC.swift; sourceTree = "<group>"; };
		FCF4D417262AF9F0005DE536 /* StageResultVM.swift */ = {isa = PBXFileReference; lastKnownFileType = sourcecode.swift; path = StageResultVM.swift; sourceTree = "<group>"; };
		FCF4E5962631C471005DE536 /* LabelImageView.swift */ = {isa = PBXFileReference; lastKnownFileType = sourcecode.swift; path = LabelImageView.swift; sourceTree = "<group>"; };
/* End PBXFileReference section */

/* Begin PBXFrameworksBuildPhase section */
		FCB12B2525CB0A9E002ADAEF /* Frameworks */ = {
			isa = PBXFrameworksBuildPhase;
			buildActionMask = 2147483647;
			files = (
				3FFF307FEE890EC4CECEB717 /* Pods_Pampaty.framework in Frameworks */,
				FC94D72025D9104B000FF2B6 /* SnapKit in Frameworks */,
			);
			runOnlyForDeploymentPostprocessing = 0;
		};
		FCCB69E925FE0657006084A7 /* Frameworks */ = {
			isa = PBXFrameworksBuildPhase;
			buildActionMask = 2147483647;
			files = (
			);
			runOnlyForDeploymentPostprocessing = 0;
		};
/* End PBXFrameworksBuildPhase section */

/* Begin PBXGroup section */
		BE64D0ECE7E4B7B44357112D /* Pods */ = {
			isa = PBXGroup;
			children = (
				D4027EA12223B3FDE596B8EF /* Pods-Pampaty.debug.xcconfig */,
				36C61CAC84B8BA361A4D0C57 /* Pods-Pampaty.release.xcconfig */,
			);
			path = Pods;
			sourceTree = "<group>";
		};
		E075C0AAD8A02FFC7A8BF9AE /* Frameworks */ = {
			isa = PBXGroup;
			children = (
				7B0A94D567AC47615D671A96 /* Pods_Pampaty.framework */,
			);
			name = Frameworks;
			sourceTree = "<group>";
		};
		FC00848826161EA100448849 /* CellItems */ = {
			isa = PBXGroup;
			children = (
				FC00848D26161FDD00448849 /* BallsCellVM.swift */,
				FC00848E26161FDD00448849 /* CurrentModificationCellVM.swift */,
				FC00848926161EDC00448849 /* GameCellVM.swift */,
			);
			path = CellItems;
			sourceTree = "<group>";
		};
		FC31CAAF2603ABC60085A59C /* Teams */ = {
			isa = PBXGroup;
			children = (
				FC31CAB42603AD1B0085A59C /* TeamsVC.swift */,
				FC31CAB82603B0CE0085A59C /* TeamsVM.swift */,
			);
			path = Teams;
			sourceTree = "<group>";
		};
		FC7591C025F614F2008A9A54 /* Navigation */ = {
			isa = PBXGroup;
			children = (
				FC7591C125F61511008A9A54 /* RootNavigation.swift */,
			);
			path = Navigation;
			sourceTree = "<group>";
		};
		FC75940525F7C5FA008A9A54 /* Game Settings Cells VMs */ = {
			isa = PBXGroup;
			children = (
				FC141A0425E53B4D0009904F /* NumberOfTeamsCellVM.swift */,
				FCCB6A3225FE5650006084A7 /* TeamsInGameCellVM.swift */,
				FCCB6A3625FE59C0006084A7 /* ModificationCellVM.swift */,
				FCCB6A3A25FE5B0B006084A7 /* RoundNumbersCellVM.swift */,
				FC31C2D825FFA9E80085A59C /* RoundTimingCellVM.swift */,
			);
			path = "Game Settings Cells VMs";
			sourceTree = "<group>";
		};
		FC816468261885CE00A363D4 /* ViewControllerWithTable */ = {
			isa = PBXGroup;
			children = (
				FC8164642618849800A363D4 /* ViewControllerWithTable.swift */,
				FC816469261885EF00A363D4 /* VCWithTableExtensions.swift */,
				FC81647726188C4900A363D4 /* VCWithTableVM.swift */,
			);
			path = ViewControllerWithTable;
			sourceTree = "<group>";
		};
		FC8164A2261B612900A363D4 /* Game */ = {
			isa = PBXGroup;
			children = (
				FC8164A5261B647800A363D4 /* GameVC.swift */,
				FC8164A9261B648100A363D4 /* GameVM.swift */,
			);
			path = Game;
			sourceTree = "<group>";
		};
		FC8164AD261B69A200A363D4 /* CollectionView */ = {
			isa = PBXGroup;
			children = (
				FC8164B4261B6A7E00A363D4 /* CollectionView.swift */,
				FC8164B8261B6AC000A363D4 /* SmallCollectionViewCell.swift */,
				FCAAEF3A2625F7E4004DB290 /* BigCollectionViewCell.swift */,
				FC66F940262ADDF50020F0ED /* CollectionViewContainer.swift */,
			);
			path = CollectionView;
			sourceTree = "<group>";
		};
		FC94D72625D92AED000FF2B6 /* GameSettings */ = {
			isa = PBXGroup;
			children = (
				FC75940525F7C5FA008A9A54 /* Game Settings Cells VMs */,
				FCE8267C25DAC0EB0045D1D2 /* GameSettingsVC.swift */,
				FC7591C725F616CB008A9A54 /* GameSettingsVM.swift */,
			);
			path = GameSettings;
			sourceTree = "<group>";
		};
		FCB12B1F25CB0A9E002ADAEF = {
			isa = PBXGroup;
			children = (
				FCB12B2A25CB0A9E002ADAEF /* Pampaty */,
				FCCB69ED25FE0657006084A7 /* PampatyTests */,
				FCB12B2925CB0A9E002ADAEF /* Products */,
				BE64D0ECE7E4B7B44357112D /* Pods */,
				E075C0AAD8A02FFC7A8BF9AE /* Frameworks */,
			);
			sourceTree = "<group>";
		};
		FCB12B2925CB0A9E002ADAEF /* Products */ = {
			isa = PBXGroup;
			children = (
				FCB12B2825CB0A9E002ADAEF /* Pampaty.app */,
				FCCB69EC25FE0657006084A7 /* PampatyTests.xctest */,
			);
			name = Products;
			sourceTree = "<group>";
		};
		FCB12B2A25CB0A9E002ADAEF /* Pampaty */ = {
			isa = PBXGroup;
			children = (
				FCB12B4B25CB0E89002ADAEF /* AppDefault */,
				FCE8268025DAC1A70045D1D2 /* Helpers */,
				FCE8267A25DAC09C0045D1D2 /* Components */,
				FCB12B4225CB0C1D002ADAEF /* Screens */,
				FCB12B3425CB0A9F002ADAEF /* Assets.xcassets */,
			);
			path = Pampaty;
			sourceTree = "<group>";
		};
		FCB12B4225CB0C1D002ADAEF /* Screens */ = {
			isa = PBXGroup;
			children = (
				FC7591C025F614F2008A9A54 /* Navigation */,
				FC94D72625D92AED000FF2B6 /* GameSettings */,
				FC31CAAF2603ABC60085A59C /* Teams */,
				FC8164A2261B612900A363D4 /* Game */,
				FCD2D0202610772F00DDBC8E /* BeReady */,
				FCF4D412262AF9B0005DE536 /* StageResult */,
			);
			path = Screens;
			sourceTree = "<group>";
		};
		FCB12B4B25CB0E89002ADAEF /* AppDefault */ = {
			isa = PBXGroup;
			children = (
				FCB12B2B25CB0A9E002ADAEF /* AppDelegate.swift */,
				FCB12B2D25CB0A9E002ADAEF /* SceneDelegate.swift */,
				FCB12B3625CB0A9F002ADAEF /* LaunchScreen.storyboard */,
				FCB12B3925CB0A9F002ADAEF /* Info.plist */,
			);
			path = AppDefault;
			sourceTree = "<group>";
		};
		FCCB69ED25FE0657006084A7 /* PampatyTests */ = {
			isa = PBXGroup;
			children = (
				FCCB69FC25FE0683006084A7 /* Screens */,
				FCCB69F025FE0657006084A7 /* Info.plist */,
			);
			path = PampatyTests;
			sourceTree = "<group>";
		};
		FCCB69FC25FE0683006084A7 /* Screens */ = {
			isa = PBXGroup;
			children = (
				FCCB69FF25FE068C006084A7 /* Settings */,
			);
			path = Screens;
			sourceTree = "<group>";
		};
		FCCB69FF25FE068C006084A7 /* Settings */ = {
			isa = PBXGroup;
			children = (
				FCCB6A0025FE06DF006084A7 /* SettingsCellViewModelNumberOfTeamsTests.swift */,
			);
			path = Settings;
			sourceTree = "<group>";
		};
		FCD2D0202610772F00DDBC8E /* BeReady */ = {
			isa = PBXGroup;
			children = (
				FC00848826161EA100448849 /* CellItems */,
				FCD2D0212610775200DDBC8E /* BeReadyVC.swift */,
				FC00848426161E3300448849 /* BeReadyVM.swift */,
			);
			path = BeReady;
			sourceTree = "<group>";
		};
		FCE8267A25DAC09C0045D1D2 /* Components */ = {
			isa = PBXGroup;
			children = (
				FC816468261885CE00A363D4 /* ViewControllerWithTable */,
				FC8164AD261B69A200A363D4 /* CollectionView */,
				FCE82C3C25DD804B0045D1D2 /* TableView */,
				FC7591D325F63387008A9A54 /* SmallPicker.swift */,
				FC8AB10E26074CA500BF5AA4 /* LeftItemView.swift */,
				FCD2D018260F2A0000DDBC8E /* Button.swift */,
				FCF4E5962631C471005DE536 /* LabelImageView.swift */,
			);
			path = Components;
			sourceTree = "<group>";
		};
		FCE8268025DAC1A70045D1D2 /* Helpers */ = {
			isa = PBXGroup;
			children = (
				FCE8268125DAC1BE0045D1D2 /* Color Extension.swift */,
				FCE826AB25DAC6730045D1D2 /* UIHelpers.swift */,
			);
			path = Helpers;
			sourceTree = "<group>";
		};
		FCE826A525DAC4500045D1D2 /* Cells */ = {
			isa = PBXGroup;
			children = (
				FCE826A625DAC4610045D1D2 /* Cell.swift */,
				FC46375F26074426009CDEE4 /* CellSetupExtension.swift */,
			);
			path = Cells;
			sourceTree = "<group>";
		};
		FCE82C3C25DD804B0045D1D2 /* TableView */ = {
			isa = PBXGroup;
			children = (
				FC48DB3825DEBBE00024CB87 /* TableViewItems.swift */,
				FC7591CC25F6270F008A9A54 /* CellViewModelProtocol.swift */,
				FC31CABC2603B21C0085A59C /* CellItemVM.swift */,
				FCD2D029261077C600DDBC8E /* TableHeaderView.swift */,
				FCE826A525DAC4500045D1D2 /* Cells */,
			);
			path = TableView;
			sourceTree = "<group>";
		};
		FCF4D412262AF9B0005DE536 /* StageResult */ = {
			isa = PBXGroup;
			children = (
				FCF4D413262AF9C7005DE536 /* StageResultVC.swift */,
				FCF4D417262AF9F0005DE536 /* StageResultVM.swift */,
			);
			path = StageResult;
			sourceTree = "<group>";
		};
/* End PBXGroup section */

/* Begin PBXNativeTarget section */
		FCB12B2725CB0A9E002ADAEF /* Pampaty */ = {
			isa = PBXNativeTarget;
			buildConfigurationList = FCB12B3C25CB0A9F002ADAEF /* Build configuration list for PBXNativeTarget "Pampaty" */;
			buildPhases = (
				5DF15DF75A8D7CF9CAFC80FF /* [CP] Check Pods Manifest.lock */,
				FCB12B2425CB0A9E002ADAEF /* Sources */,
				FCB12B2525CB0A9E002ADAEF /* Frameworks */,
				FCB12B2625CB0A9E002ADAEF /* Resources */,
				FC4637142607294A009CDEE4 /* SwiftLint */,
			);
			buildRules = (
			);
			dependencies = (
			);
			name = Pampaty;
			packageProductDependencies = (
				FC94D71F25D9104B000FF2B6 /* SnapKit */,
			);
			productName = Pampaty;
			productReference = FCB12B2825CB0A9E002ADAEF /* Pampaty.app */;
			productType = "com.apple.product-type.application";
		};
		FCCB69EB25FE0657006084A7 /* PampatyTests */ = {
			isa = PBXNativeTarget;
			buildConfigurationList = FCCB69F525FE0657006084A7 /* Build configuration list for PBXNativeTarget "PampatyTests" */;
			buildPhases = (
				FCCB69E825FE0657006084A7 /* Sources */,
				FCCB69E925FE0657006084A7 /* Frameworks */,
				FCCB69EA25FE0657006084A7 /* Resources */,
			);
			buildRules = (
			);
			dependencies = (
				FCCB69F225FE0657006084A7 /* PBXTargetDependency */,
			);
			name = PampatyTests;
			productName = PampatyTests;
			productReference = FCCB69EC25FE0657006084A7 /* PampatyTests.xctest */;
			productType = "com.apple.product-type.bundle.unit-test";
		};
/* End PBXNativeTarget section */

/* Begin PBXProject section */
		FCB12B2025CB0A9E002ADAEF /* Project object */ = {
			isa = PBXProject;
			attributes = {
				LastSwiftUpdateCheck = 1230;
				LastUpgradeCheck = 1230;
				TargetAttributes = {
					FCB12B2725CB0A9E002ADAEF = {
						CreatedOnToolsVersion = 12.3;
					};
					FCCB69EB25FE0657006084A7 = {
						CreatedOnToolsVersion = 12.3;
						LastSwiftMigration = 1230;
						TestTargetID = FCB12B2725CB0A9E002ADAEF;
					};
				};
			};
			buildConfigurationList = FCB12B2325CB0A9E002ADAEF /* Build configuration list for PBXProject "Pampaty" */;
			compatibilityVersion = "Xcode 9.3";
			developmentRegion = en;
			hasScannedForEncodings = 0;
			knownRegions = (
				en,
				Base,
			);
			mainGroup = FCB12B1F25CB0A9E002ADAEF;
			packageReferences = (
				FC94D71E25D9104B000FF2B6 /* XCRemoteSwiftPackageReference "SnapKit" */,
			);
			productRefGroup = FCB12B2925CB0A9E002ADAEF /* Products */;
			projectDirPath = "";
			projectRoot = "";
			targets = (
				FCB12B2725CB0A9E002ADAEF /* Pampaty */,
				FCCB69EB25FE0657006084A7 /* PampatyTests */,
			);
		};
/* End PBXProject section */

/* Begin PBXResourcesBuildPhase section */
		FCB12B2625CB0A9E002ADAEF /* Resources */ = {
			isa = PBXResourcesBuildPhase;
			buildActionMask = 2147483647;
			files = (
				FCB12B3825CB0A9F002ADAEF /* LaunchScreen.storyboard in Resources */,
				FCB12B3525CB0A9F002ADAEF /* Assets.xcassets in Resources */,
			);
			runOnlyForDeploymentPostprocessing = 0;
		};
		FCCB69EA25FE0657006084A7 /* Resources */ = {
			isa = PBXResourcesBuildPhase;
			buildActionMask = 2147483647;
			files = (
			);
			runOnlyForDeploymentPostprocessing = 0;
		};
/* End PBXResourcesBuildPhase section */

/* Begin PBXShellScriptBuildPhase section */
		5DF15DF75A8D7CF9CAFC80FF /* [CP] Check Pods Manifest.lock */ = {
			isa = PBXShellScriptBuildPhase;
			buildActionMask = 2147483647;
			files = (
			);
			inputFileListPaths = (
			);
			inputPaths = (
				"${PODS_PODFILE_DIR_PATH}/Podfile.lock",
				"${PODS_ROOT}/Manifest.lock",
			);
			name = "[CP] Check Pods Manifest.lock";
			outputFileListPaths = (
			);
			outputPaths = (
				"$(DERIVED_FILE_DIR)/Pods-Pampaty-checkManifestLockResult.txt",
			);
			runOnlyForDeploymentPostprocessing = 0;
			shellPath = /bin/sh;
			shellScript = "diff \"${PODS_PODFILE_DIR_PATH}/Podfile.lock\" \"${PODS_ROOT}/Manifest.lock\" > /dev/null\nif [ $? != 0 ] ; then\n    # print error to STDERR\n    echo \"error: The sandbox is not in sync with the Podfile.lock. Run 'pod install' or update your CocoaPods installation.\" >&2\n    exit 1\nfi\n# This output is used by Xcode 'outputs' to avoid re-running this script phase.\necho \"SUCCESS\" > \"${SCRIPT_OUTPUT_FILE_0}\"\n";
			showEnvVarsInLog = 0;
		};
		FC4637142607294A009CDEE4 /* SwiftLint */ = {
			isa = PBXShellScriptBuildPhase;
			buildActionMask = 2147483647;
			files = (
			);
			inputFileListPaths = (
			);
			inputPaths = (
			);
			name = SwiftLint;
			outputFileListPaths = (
			);
			outputPaths = (
			);
			runOnlyForDeploymentPostprocessing = 0;
			shellPath = /bin/sh;
			shellScript = "\"${PODS_ROOT}/SwiftLint/swiftlint\"\n";
		};
/* End PBXShellScriptBuildPhase section */

/* Begin PBXSourcesBuildPhase section */
		FCB12B2425CB0A9E002ADAEF /* Sources */ = {
			isa = PBXSourcesBuildPhase;
			buildActionMask = 2147483647;
			files = (
				FC81646A261885EF00A363D4 /* VCWithTableExtensions.swift in Sources */,
				FCD2D019260F2A0000DDBC8E /* Button.swift in Sources */,
				FC7591D425F63387008A9A54 /* SmallPicker.swift in Sources */,
				FCCB6A3B25FE5B0C006084A7 /* RoundNumbersCellVM.swift in Sources */,
				FC81647826188C4900A363D4 /* VCWithTableVM.swift in Sources */,
				FCF4E5972631C471005DE536 /* LabelImageView.swift in Sources */,
				FCE826A725DAC4610045D1D2 /* Cell.swift in Sources */,
				FC48DB3925DEBBE00024CB87 /* TableViewItems.swift in Sources */,
				FC8164B9261B6AC000A363D4 /* SmallCollectionViewCell.swift in Sources */,
				FC46376026074426009CDEE4 /* CellSetupExtension.swift in Sources */,
				FC141A0525E53B4D0009904F /* NumberOfTeamsCellVM.swift in Sources */,
				FCB12B2C25CB0A9E002ADAEF /* AppDelegate.swift in Sources */,
				FC66F941262ADDF50020F0ED /* CollectionViewContainer.swift in Sources */,
				FC00848A26161EDC00448849 /* GameCellVM.swift in Sources */,
				FC31CAB52603AD1B0085A59C /* TeamsVC.swift in Sources */,
				FCAAEF3B2625F7E4004DB290 /* BigCollectionViewCell.swift in Sources */,
				FCD2D02A261077C600DDBC8E /* TableHeaderView.swift in Sources */,
				FC8AB10F26074CA500BF5AA4 /* LeftItemView.swift in Sources */,
				FC00849026161FDD00448849 /* CurrentModificationCellVM.swift in Sources */,
				FC8164B5261B6A7E00A363D4 /* CollectionView.swift in Sources */,
				FC31CAB92603B0CE0085A59C /* TeamsVM.swift in Sources */,
				FC00848526161E3300448849 /* BeReadyVM.swift in Sources */,
				FCD2D0222610775200DDBC8E /* BeReadyVC.swift in Sources */,
				FC8164652618849800A363D4 /* ViewControllerWithTable.swift in Sources */,
				FCE826AC25DAC6730045D1D2 /* UIHelpers.swift in Sources */,
				FC31C2D925FFA9E80085A59C /* RoundTimingCellVM.swift in Sources */,
				FC8164AA261B648100A363D4 /* GameVM.swift in Sources */,
				FC8164A6261B647800A363D4 /* GameVC.swift in Sources */,
				FCCB6A3325FE5650006084A7 /* TeamsInGameCellVM.swift in Sources */,
				FC7591C225F61511008A9A54 /* RootNavigation.swift in Sources */,
				FCB12B2E25CB0A9E002ADAEF /* SceneDelegate.swift in Sources */,
				FCE8267D25DAC0EB0045D1D2 /* GameSettingsVC.swift in Sources */,
				FCF4D418262AF9F0005DE536 /* StageResultVM.swift in Sources */,
				FCCB6A3725FE59C0006084A7 /* ModificationCellVM.swift in Sources */,
				FC7591C825F616CB008A9A54 /* GameSettingsVM.swift in Sources */,
				FCE8268225DAC1BE0045D1D2 /* Color Extension.swift in Sources */,
				FCF4D414262AF9C7005DE536 /* StageResultVC.swift in Sources */,
				FC00848F26161FDD00448849 /* BallsCellVM.swift in Sources */,
				FC31CABD2603B21C0085A59C /* CellItemVM.swift in Sources */,
				FC7591CD25F6270F008A9A54 /* CellViewModelProtocol.swift in Sources */,
			);
			runOnlyForDeploymentPostprocessing = 0;
		};
		FCCB69E825FE0657006084A7 /* Sources */ = {
			isa = PBXSourcesBuildPhase;
			buildActionMask = 2147483647;
			files = (
				FCCB6A0125FE06DF006084A7 /* SettingsCellViewModelNumberOfTeamsTests.swift in Sources */,
			);
			runOnlyForDeploymentPostprocessing = 0;
		};
/* End PBXSourcesBuildPhase section */

/* Begin PBXTargetDependency section */
		FCCB69F225FE0657006084A7 /* PBXTargetDependency */ = {
			isa = PBXTargetDependency;
			target = FCB12B2725CB0A9E002ADAEF /* Pampaty */;
			targetProxy = FCCB69F125FE0657006084A7 /* PBXContainerItemProxy */;
		};
/* End PBXTargetDependency section */

/* Begin PBXVariantGroup section */
		FCB12B3625CB0A9F002ADAEF /* LaunchScreen.storyboard */ = {
			isa = PBXVariantGroup;
			children = (
				FCB12B3725CB0A9F002ADAEF /* Base */,
			);
			name = LaunchScreen.storyboard;
			sourceTree = "<group>";
		};
/* End PBXVariantGroup section */

/* Begin XCBuildConfiguration section */
		FCB12B3A25CB0A9F002ADAEF /* Debug */ = {
			isa = XCBuildConfiguration;
			buildSettings = {
				ALWAYS_SEARCH_USER_PATHS = NO;
				CLANG_ANALYZER_NONNULL = YES;
				CLANG_ANALYZER_NUMBER_OBJECT_CONVERSION = YES_AGGRESSIVE;
				CLANG_CXX_LANGUAGE_STANDARD = "gnu++14";
				CLANG_CXX_LIBRARY = "libc++";
				CLANG_ENABLE_MODULES = YES;
				CLANG_ENABLE_OBJC_ARC = YES;
				CLANG_ENABLE_OBJC_WEAK = YES;
				CLANG_WARN_BLOCK_CAPTURE_AUTORELEASING = YES;
				CLANG_WARN_BOOL_CONVERSION = YES;
				CLANG_WARN_COMMA = YES;
				CLANG_WARN_CONSTANT_CONVERSION = YES;
				CLANG_WARN_DEPRECATED_OBJC_IMPLEMENTATIONS = YES;
				CLANG_WARN_DIRECT_OBJC_ISA_USAGE = YES_ERROR;
				CLANG_WARN_DOCUMENTATION_COMMENTS = YES;
				CLANG_WARN_EMPTY_BODY = YES;
				CLANG_WARN_ENUM_CONVERSION = YES;
				CLANG_WARN_INFINITE_RECURSION = YES;
				CLANG_WARN_INT_CONVERSION = YES;
				CLANG_WARN_NON_LITERAL_NULL_CONVERSION = YES;
				CLANG_WARN_OBJC_IMPLICIT_RETAIN_SELF = YES;
				CLANG_WARN_OBJC_LITERAL_CONVERSION = YES;
				CLANG_WARN_OBJC_ROOT_CLASS = YES_ERROR;
				CLANG_WARN_QUOTED_INCLUDE_IN_FRAMEWORK_HEADER = YES;
				CLANG_WARN_RANGE_LOOP_ANALYSIS = YES;
				CLANG_WARN_STRICT_PROTOTYPES = YES;
				CLANG_WARN_SUSPICIOUS_MOVE = YES;
				CLANG_WARN_UNGUARDED_AVAILABILITY = YES_AGGRESSIVE;
				CLANG_WARN_UNREACHABLE_CODE = YES;
				CLANG_WARN__DUPLICATE_METHOD_MATCH = YES;
				COPY_PHASE_STRIP = NO;
				DEBUG_INFORMATION_FORMAT = dwarf;
				ENABLE_STRICT_OBJC_MSGSEND = YES;
				ENABLE_TESTABILITY = YES;
				GCC_C_LANGUAGE_STANDARD = gnu11;
				GCC_DYNAMIC_NO_PIC = NO;
				GCC_NO_COMMON_BLOCKS = YES;
				GCC_OPTIMIZATION_LEVEL = 0;
				GCC_PREPROCESSOR_DEFINITIONS = (
					"DEBUG=1",
					"$(inherited)",
				);
				GCC_WARN_64_TO_32_BIT_CONVERSION = YES;
				GCC_WARN_ABOUT_RETURN_TYPE = YES_ERROR;
				GCC_WARN_UNDECLARED_SELECTOR = YES;
				GCC_WARN_UNINITIALIZED_AUTOS = YES_AGGRESSIVE;
				GCC_WARN_UNUSED_FUNCTION = YES;
				GCC_WARN_UNUSED_VARIABLE = YES;
				IPHONEOS_DEPLOYMENT_TARGET = 14.3;
				MTL_ENABLE_DEBUG_INFO = INCLUDE_SOURCE;
				MTL_FAST_MATH = YES;
				ONLY_ACTIVE_ARCH = YES;
				SDKROOT = iphoneos;
				SWIFT_ACTIVE_COMPILATION_CONDITIONS = DEBUG;
				SWIFT_OPTIMIZATION_LEVEL = "-Onone";
			};
			name = Debug;
		};
		FCB12B3B25CB0A9F002ADAEF /* Release */ = {
			isa = XCBuildConfiguration;
			buildSettings = {
				ALWAYS_SEARCH_USER_PATHS = NO;
				CLANG_ANALYZER_NONNULL = YES;
				CLANG_ANALYZER_NUMBER_OBJECT_CONVERSION = YES_AGGRESSIVE;
				CLANG_CXX_LANGUAGE_STANDARD = "gnu++14";
				CLANG_CXX_LIBRARY = "libc++";
				CLANG_ENABLE_MODULES = YES;
				CLANG_ENABLE_OBJC_ARC = YES;
				CLANG_ENABLE_OBJC_WEAK = YES;
				CLANG_WARN_BLOCK_CAPTURE_AUTORELEASING = YES;
				CLANG_WARN_BOOL_CONVERSION = YES;
				CLANG_WARN_COMMA = YES;
				CLANG_WARN_CONSTANT_CONVERSION = YES;
				CLANG_WARN_DEPRECATED_OBJC_IMPLEMENTATIONS = YES;
				CLANG_WARN_DIRECT_OBJC_ISA_USAGE = YES_ERROR;
				CLANG_WARN_DOCUMENTATION_COMMENTS = YES;
				CLANG_WARN_EMPTY_BODY = YES;
				CLANG_WARN_ENUM_CONVERSION = YES;
				CLANG_WARN_INFINITE_RECURSION = YES;
				CLANG_WARN_INT_CONVERSION = YES;
				CLANG_WARN_NON_LITERAL_NULL_CONVERSION = YES;
				CLANG_WARN_OBJC_IMPLICIT_RETAIN_SELF = YES;
				CLANG_WARN_OBJC_LITERAL_CONVERSION = YES;
				CLANG_WARN_OBJC_ROOT_CLASS = YES_ERROR;
				CLANG_WARN_QUOTED_INCLUDE_IN_FRAMEWORK_HEADER = YES;
				CLANG_WARN_RANGE_LOOP_ANALYSIS = YES;
				CLANG_WARN_STRICT_PROTOTYPES = YES;
				CLANG_WARN_SUSPICIOUS_MOVE = YES;
				CLANG_WARN_UNGUARDED_AVAILABILITY = YES_AGGRESSIVE;
				CLANG_WARN_UNREACHABLE_CODE = YES;
				CLANG_WARN__DUPLICATE_METHOD_MATCH = YES;
				COPY_PHASE_STRIP = NO;
				DEBUG_INFORMATION_FORMAT = "dwarf-with-dsym";
				ENABLE_NS_ASSERTIONS = NO;
				ENABLE_STRICT_OBJC_MSGSEND = YES;
				GCC_C_LANGUAGE_STANDARD = gnu11;
				GCC_NO_COMMON_BLOCKS = YES;
				GCC_WARN_64_TO_32_BIT_CONVERSION = YES;
				GCC_WARN_ABOUT_RETURN_TYPE = YES_ERROR;
				GCC_WARN_UNDECLARED_SELECTOR = YES;
				GCC_WARN_UNINITIALIZED_AUTOS = YES_AGGRESSIVE;
				GCC_WARN_UNUSED_FUNCTION = YES;
				GCC_WARN_UNUSED_VARIABLE = YES;
				IPHONEOS_DEPLOYMENT_TARGET = 14.3;
				MTL_ENABLE_DEBUG_INFO = NO;
				MTL_FAST_MATH = YES;
				SDKROOT = iphoneos;
				SWIFT_COMPILATION_MODE = wholemodule;
				SWIFT_OPTIMIZATION_LEVEL = "-O";
				VALIDATE_PRODUCT = YES;
			};
			name = Release;
		};
		FCB12B3D25CB0A9F002ADAEF /* Debug */ = {
			isa = XCBuildConfiguration;
			baseConfigurationReference = D4027EA12223B3FDE596B8EF /* Pods-Pampaty.debug.xcconfig */;
			buildSettings = {
				ASSETCATALOG_COMPILER_APPICON_NAME = AppIcon;
				ASSETCATALOG_COMPILER_GLOBAL_ACCENT_COLOR_NAME = AccentColor;
				CODE_SIGN_STYLE = Automatic;
				DEVELOPMENT_TEAM = 6389Z2D8J8;
				INFOPLIST_FILE = "$(SRCROOT)/Pampaty/AppDefault/Info.plist";
				LD_RUNPATH_SEARCH_PATHS = (
					"$(inherited)",
					"@executable_path/Frameworks",
				);
				PRODUCT_BUNDLE_IDENTIFIER = com.sava.Pampaty;
				PRODUCT_NAME = "$(TARGET_NAME)";
				SWIFT_VERSION = 5.0;
				TARGETED_DEVICE_FAMILY = "1,2";
			};
			name = Debug;
		};
		FCB12B3E25CB0A9F002ADAEF /* Release */ = {
			isa = XCBuildConfiguration;
			baseConfigurationReference = 36C61CAC84B8BA361A4D0C57 /* Pods-Pampaty.release.xcconfig */;
			buildSettings = {
				ASSETCATALOG_COMPILER_APPICON_NAME = AppIcon;
				ASSETCATALOG_COMPILER_GLOBAL_ACCENT_COLOR_NAME = AccentColor;
				CODE_SIGN_STYLE = Automatic;
				DEVELOPMENT_TEAM = 6389Z2D8J8;
				INFOPLIST_FILE = "$(SRCROOT)/Pampaty/AppDefault/Info.plist";
				LD_RUNPATH_SEARCH_PATHS = (
					"$(inherited)",
					"@executable_path/Frameworks",
				);
				PRODUCT_BUNDLE_IDENTIFIER = com.sava.Pampaty;
				PRODUCT_NAME = "$(TARGET_NAME)";
				SWIFT_VERSION = 5.0;
				TARGETED_DEVICE_FAMILY = "1,2";
			};
			name = Release;
		};
		FCCB69F325FE0657006084A7 /* Debug */ = {
			isa = XCBuildConfiguration;
			buildSettings = {
				BUNDLE_LOADER = "$(TEST_HOST)";
				CLANG_ENABLE_MODULES = YES;
				CODE_SIGN_STYLE = Automatic;
				INFOPLIST_FILE = PampatyTests/Info.plist;
				LD_RUNPATH_SEARCH_PATHS = (
					"$(inherited)",
					"@executable_path/Frameworks",
					"@loader_path/Frameworks",
				);
				PRODUCT_BUNDLE_IDENTIFIER = com.sava.PampatyTests;
				PRODUCT_NAME = "$(TARGET_NAME)";
				SWIFT_OPTIMIZATION_LEVEL = "-Onone";
				SWIFT_VERSION = 5.0;
				TARGETED_DEVICE_FAMILY = "1,2";
				TEST_HOST = "$(BUILT_PRODUCTS_DIR)/Pampaty.app/Pampaty";
			};
			name = Debug;
		};
		FCCB69F425FE0657006084A7 /* Release */ = {
			isa = XCBuildConfiguration;
			buildSettings = {
				BUNDLE_LOADER = "$(TEST_HOST)";
				CLANG_ENABLE_MODULES = YES;
				CODE_SIGN_STYLE = Automatic;
				INFOPLIST_FILE = PampatyTests/Info.plist;
				LD_RUNPATH_SEARCH_PATHS = (
					"$(inherited)",
					"@executable_path/Frameworks",
					"@loader_path/Frameworks",
				);
				PRODUCT_BUNDLE_IDENTIFIER = com.sava.PampatyTests;
				PRODUCT_NAME = "$(TARGET_NAME)";
				SWIFT_VERSION = 5.0;
				TARGETED_DEVICE_FAMILY = "1,2";
				TEST_HOST = "$(BUILT_PRODUCTS_DIR)/Pampaty.app/Pampaty";
			};
			name = Release;
		};
/* End XCBuildConfiguration section */

/* Begin XCConfigurationList section */
		FCB12B2325CB0A9E002ADAEF /* Build configuration list for PBXProject "Pampaty" */ = {
			isa = XCConfigurationList;
			buildConfigurations = (
				FCB12B3A25CB0A9F002ADAEF /* Debug */,
				FCB12B3B25CB0A9F002ADAEF /* Release */,
			);
			defaultConfigurationIsVisible = 0;
			defaultConfigurationName = Release;
		};
		FCB12B3C25CB0A9F002ADAEF /* Build configuration list for PBXNativeTarget "Pampaty" */ = {
			isa = XCConfigurationList;
			buildConfigurations = (
				FCB12B3D25CB0A9F002ADAEF /* Debug */,
				FCB12B3E25CB0A9F002ADAEF /* Release */,
			);
			defaultConfigurationIsVisible = 0;
			defaultConfigurationName = Release;
		};
		FCCB69F525FE0657006084A7 /* Build configuration list for PBXNativeTarget "PampatyTests" */ = {
			isa = XCConfigurationList;
			buildConfigurations = (
				FCCB69F325FE0657006084A7 /* Debug */,
				FCCB69F425FE0657006084A7 /* Release */,
			);
			defaultConfigurationIsVisible = 0;
			defaultConfigurationName = Release;
		};
/* End XCConfigurationList section */

/* Begin XCRemoteSwiftPackageReference section */
		FC94D71E25D9104B000FF2B6 /* XCRemoteSwiftPackageReference "SnapKit" */ = {
			isa = XCRemoteSwiftPackageReference;
			repositoryURL = "https://github.com/SnapKit/SnapKit.git";
			requirement = {
				kind = upToNextMajorVersion;
				minimumVersion = 5.0.1;
			};
		};
/* End XCRemoteSwiftPackageReference section */

/* Begin XCSwiftPackageProductDependency section */
		FC94D71F25D9104B000FF2B6 /* SnapKit */ = {
			isa = XCSwiftPackageProductDependency;
			package = FC94D71E25D9104B000FF2B6 /* XCRemoteSwiftPackageReference "SnapKit" */;
			productName = SnapKit;
		};
/* End XCSwiftPackageProductDependency section */
	};
	rootObject = FCB12B2025CB0A9E002ADAEF /* Project object */;
}
